// !$*UTF8*$!
{
	archiveVersion = 1;
	classes = {
	};
	objectVersion = 46;
	objects = {

/* Begin PBXBuildFile section */
		F7160E0D1D40E96C00EB498E /* DetailViewController.swift in Sources */ = {isa = PBXBuildFile; fileRef = F7160E0C1D40E96C00EB498E /* DetailViewController.swift */; };
		F73302AE1D43D0DC005F3F27 /* PowerUpViewController.swift in Sources */ = {isa = PBXBuildFile; fileRef = F73302AD1D43D0DC005F3F27 /* PowerUpViewController.swift */; };
		F73302B01D43D0EF005F3F27 /* EvolutionMultViewController.swift in Sources */ = {isa = PBXBuildFile; fileRef = F73302AF1D43D0EF005F3F27 /* EvolutionMultViewController.swift */; };
		F73302B21D43D10B005F3F27 /* CPView.swift in Sources */ = {isa = PBXBuildFile; fileRef = F73302B11D43D10B005F3F27 /* CPView.swift */; };
		F73BCA111D425B2700968DE8 /* PokeTypes.xcassets in Resources */ = {isa = PBXBuildFile; fileRef = F73BCA101D425B2700968DE8 /* PokeTypes.xcassets */; };
		F74BD44C1D451115008EEF58 /* DisplayCPView.swift in Sources */ = {isa = PBXBuildFile; fileRef = F74BD44B1D451115008EEF58 /* DisplayCPView.swift */; };
		F74BD44E1D4511B2008EEF58 /* DisplayCPView.xib in Resources */ = {isa = PBXBuildFile; fileRef = F74BD44D1D4511B2008EEF58 /* DisplayCPView.xib */; };
		F75B43381D46B667004B8A5C /* Pokédex Logo Mock1.png in Resources */ = {isa = PBXBuildFile; fileRef = F75B43371D46B667004B8A5C /* Pokédex Logo Mock1.png */; };
		F775734F1D42FA3800BD46C4 /* PopAnimator.swift in Sources */ = {isa = PBXBuildFile; fileRef = F775734E1D42FA3800BD46C4 /* PopAnimator.swift */; };
		F77CB2A61D40C07200CD4F14 /* PokeImages.xcassets in Resources */ = {isa = PBXBuildFile; fileRef = F77CB2A51D40C07200CD4F14 /* PokeImages.xcassets */; };
		F794EEEF1D42297A00151608 /* pokelevel.json in Resources */ = {isa = PBXBuildFile; fileRef = F794EEEE1D42297A00151608 /* pokelevel.json */; };
		F79FDA251D41497D000D822E /* PokeData.swift in Sources */ = {isa = PBXBuildFile; fileRef = F79FDA241D41497D000D822E /* PokeData.swift */; };
		F79FDA291D4149A2000D822E /* pokemon.json in Resources */ = {isa = PBXBuildFile; fileRef = F79FDA261D4149A2000D822E /* pokemon.json */; };
		F79FDA2A1D4149A2000D822E /* pokejson2.json in Resources */ = {isa = PBXBuildFile; fileRef = F79FDA271D4149A2000D822E /* pokejson2.json */; };
		F79FDA2B1D4149A2000D822E /* multiplier.json in Resources */ = {isa = PBXBuildFile; fileRef = F79FDA281D4149A2000D822E /* multiplier.json */; };
		F7A2E5041D401CD40022D528 /* AppDelegate.swift in Sources */ = {isa = PBXBuildFile; fileRef = F7A2E5031D401CD40022D528 /* AppDelegate.swift */; };
		F7A2E5061D401CD40022D528 /* ViewController.swift in Sources */ = {isa = PBXBuildFile; fileRef = F7A2E5051D401CD40022D528 /* ViewController.swift */; };
		F7A2E5091D401CD40022D528 /* Main.storyboard in Resources */ = {isa = PBXBuildFile; fileRef = F7A2E5071D401CD40022D528 /* Main.storyboard */; };
		F7A2E50B1D401CD40022D528 /* Assets.xcassets in Resources */ = {isa = PBXBuildFile; fileRef = F7A2E50A1D401CD40022D528 /* Assets.xcassets */; };
		F7A2E50E1D401CD40022D528 /* LaunchScreen.storyboard in Resources */ = {isa = PBXBuildFile; fileRef = F7A2E50C1D401CD40022D528 /* LaunchScreen.storyboard */; };
		F7A2E5191D401CD40022D528 /* Poke_dexTests.swift in Sources */ = {isa = PBXBuildFile; fileRef = F7A2E5181D401CD40022D528 /* Poke_dexTests.swift */; };
		F7A2E5241D401CD40022D528 /* Poke_dexUITests.swift in Sources */ = {isa = PBXBuildFile; fileRef = F7A2E5231D401CD40022D528 /* Poke_dexUITests.swift */; };
		F7A969E61D40C6A2000652EF /* PokeCollectionViewCell.swift in Sources */ = {isa = PBXBuildFile; fileRef = F7A969E51D40C6A2000652EF /* PokeCollectionViewCell.swift */; };
		F7C5892B1D4102290027F8B0 /* 45gif.gif in Resources */ = {isa = PBXBuildFile; fileRef = F7C588FE1D4102290027F8B0 /* 45gif.gif */; };
		F7C5892C1D4102290027F8B0 /* 44gif.gif in Resources */ = {isa = PBXBuildFile; fileRef = F7C588FF1D4102290027F8B0 /* 44gif.gif */; };
		F7C5892D1D4102290027F8B0 /* 43gif.gif in Resources */ = {isa = PBXBuildFile; fileRef = F7C589001D4102290027F8B0 /* 43gif.gif */; };
		F7C5892E1D4102290027F8B0 /* 42gif.gif in Resources */ = {isa = PBXBuildFile; fileRef = F7C589011D4102290027F8B0 /* 42gif.gif */; };
		F7C5892F1D4102290027F8B0 /* 41gif.gif in Resources */ = {isa = PBXBuildFile; fileRef = F7C589021D4102290027F8B0 /* 41gif.gif */; };
		F7C589301D4102290027F8B0 /* 40gif.gif in Resources */ = {isa = PBXBuildFile; fileRef = F7C589031D4102290027F8B0 /* 40gif.gif */; };
		F7C589311D4102290027F8B0 /* 39gif.gif in Resources */ = {isa = PBXBuildFile; fileRef = F7C589041D4102290027F8B0 /* 39gif.gif */; };
		F7C589321D4102290027F8B0 /* 38gif.gif in Resources */ = {isa = PBXBuildFile; fileRef = F7C589051D4102290027F8B0 /* 38gif.gif */; };
		F7C589331D4102290027F8B0 /* 37gif.gif in Resources */ = {isa = PBXBuildFile; fileRef = F7C589061D4102290027F8B0 /* 37gif.gif */; };
		F7C589341D4102290027F8B0 /* 36gif.gif in Resources */ = {isa = PBXBuildFile; fileRef = F7C589071D4102290027F8B0 /* 36gif.gif */; };
		F7C589351D4102290027F8B0 /* 35gif.gif in Resources */ = {isa = PBXBuildFile; fileRef = F7C589081D4102290027F8B0 /* 35gif.gif */; };
		F7C589361D4102290027F8B0 /* 34gif.gif in Resources */ = {isa = PBXBuildFile; fileRef = F7C589091D4102290027F8B0 /* 34gif.gif */; };
		F7C589371D4102290027F8B0 /* 33gif.gif in Resources */ = {isa = PBXBuildFile; fileRef = F7C5890A1D4102290027F8B0 /* 33gif.gif */; };
		F7C589381D4102290027F8B0 /* 32gif.gif in Resources */ = {isa = PBXBuildFile; fileRef = F7C5890B1D4102290027F8B0 /* 32gif.gif */; };
		F7C589391D4102290027F8B0 /* 31gif.gif in Resources */ = {isa = PBXBuildFile; fileRef = F7C5890C1D4102290027F8B0 /* 31gif.gif */; };
		F7C5893A1D4102290027F8B0 /* 30gif.gif in Resources */ = {isa = PBXBuildFile; fileRef = F7C5890D1D4102290027F8B0 /* 30gif.gif */; };
		F7C5893B1D4102290027F8B0 /* 29gif.gif in Resources */ = {isa = PBXBuildFile; fileRef = F7C5890E1D4102290027F8B0 /* 29gif.gif */; };
		F7C5893C1D4102290027F8B0 /* 28gif.gif in Resources */ = {isa = PBXBuildFile; fileRef = F7C5890F1D4102290027F8B0 /* 28gif.gif */; };
		F7C5893D1D4102290027F8B0 /* 27gif.gif in Resources */ = {isa = PBXBuildFile; fileRef = F7C589101D4102290027F8B0 /* 27gif.gif */; };
		F7C5893E1D4102290027F8B0 /* 26gif.gif in Resources */ = {isa = PBXBuildFile; fileRef = F7C589111D4102290027F8B0 /* 26gif.gif */; };
		F7C5893F1D4102290027F8B0 /* 25gif.gif in Resources */ = {isa = PBXBuildFile; fileRef = F7C589121D4102290027F8B0 /* 25gif.gif */; };
		F7C589401D4102290027F8B0 /* 24gif.gif in Resources */ = {isa = PBXBuildFile; fileRef = F7C589131D4102290027F8B0 /* 24gif.gif */; };
		F7C589411D4102290027F8B0 /* 23gif.gif in Resources */ = {isa = PBXBuildFile; fileRef = F7C589141D4102290027F8B0 /* 23gif.gif */; };
		F7C589421D4102290027F8B0 /* 22gif.gif in Resources */ = {isa = PBXBuildFile; fileRef = F7C589151D4102290027F8B0 /* 22gif.gif */; };
		F7C589431D4102290027F8B0 /* 21gif.gif in Resources */ = {isa = PBXBuildFile; fileRef = F7C589161D4102290027F8B0 /* 21gif.gif */; };
		F7C589441D4102290027F8B0 /* 20gif.gif in Resources */ = {isa = PBXBuildFile; fileRef = F7C589171D4102290027F8B0 /* 20gif.gif */; };
		F7C589451D4102290027F8B0 /* 19gif.gif in Resources */ = {isa = PBXBuildFile; fileRef = F7C589181D4102290027F8B0 /* 19gif.gif */; };
		F7C589461D4102290027F8B0 /* 18gif.gif in Resources */ = {isa = PBXBuildFile; fileRef = F7C589191D4102290027F8B0 /* 18gif.gif */; };
		F7C589471D4102290027F8B0 /* 17gif.gif in Resources */ = {isa = PBXBuildFile; fileRef = F7C5891A1D4102290027F8B0 /* 17gif.gif */; };
		F7C589481D4102290027F8B0 /* 16gif.gif in Resources */ = {isa = PBXBuildFile; fileRef = F7C5891B1D4102290027F8B0 /* 16gif.gif */; };
		F7C589491D4102290027F8B0 /* 15gif.gif in Resources */ = {isa = PBXBuildFile; fileRef = F7C5891C1D4102290027F8B0 /* 15gif.gif */; };
		F7C5894A1D4102290027F8B0 /* 14gif.gif in Resources */ = {isa = PBXBuildFile; fileRef = F7C5891D1D4102290027F8B0 /* 14gif.gif */; };
		F7C5894B1D4102290027F8B0 /* 13gif.gif in Resources */ = {isa = PBXBuildFile; fileRef = F7C5891E1D4102290027F8B0 /* 13gif.gif */; };
		F7C5894C1D4102290027F8B0 /* 12gif.gif in Resources */ = {isa = PBXBuildFile; fileRef = F7C5891F1D4102290027F8B0 /* 12gif.gif */; };
		F7C5894D1D4102290027F8B0 /* 11gif.gif in Resources */ = {isa = PBXBuildFile; fileRef = F7C589201D4102290027F8B0 /* 11gif.gif */; };
		F7C5894E1D4102290027F8B0 /* 10gif.gif in Resources */ = {isa = PBXBuildFile; fileRef = F7C589211D4102290027F8B0 /* 10gif.gif */; };
		F7C5894F1D4102290027F8B0 /* 9gif.gif in Resources */ = {isa = PBXBuildFile; fileRef = F7C589221D4102290027F8B0 /* 9gif.gif */; };
		F7C589501D4102290027F8B0 /* 8gif.gif in Resources */ = {isa = PBXBuildFile; fileRef = F7C589231D4102290027F8B0 /* 8gif.gif */; };
		F7C589511D4102290027F8B0 /* 7gif.gif in Resources */ = {isa = PBXBuildFile; fileRef = F7C589241D4102290027F8B0 /* 7gif.gif */; };
		F7C589521D4102290027F8B0 /* 6gif.gif in Resources */ = {isa = PBXBuildFile; fileRef = F7C589251D4102290027F8B0 /* 6gif.gif */; };
		F7C589531D4102290027F8B0 /* 5gif.gif in Resources */ = {isa = PBXBuildFile; fileRef = F7C589261D4102290027F8B0 /* 5gif.gif */; };
		F7C589541D4102290027F8B0 /* 4gif.gif in Resources */ = {isa = PBXBuildFile; fileRef = F7C589271D4102290027F8B0 /* 4gif.gif */; };
		F7C589551D4102290027F8B0 /* 3gif.gif in Resources */ = {isa = PBXBuildFile; fileRef = F7C589281D4102290027F8B0 /* 3gif.gif */; };
		F7C589561D4102290027F8B0 /* 2gif.gif in Resources */ = {isa = PBXBuildFile; fileRef = F7C589291D4102290027F8B0 /* 2gif.gif */; };
		F7C589571D4102290027F8B0 /* 1gif.gif in Resources */ = {isa = PBXBuildFile; fileRef = F7C5892A1D4102290027F8B0 /* 1gif.gif */; };
		F7C589611D4104450027F8B0 /* FLAnimatedImageView.m in Sources */ = {isa = PBXBuildFile; fileRef = F7C5895D1D4104450027F8B0 /* FLAnimatedImageView.m */; };
		F7C589621D4104450027F8B0 /* FLAnimatedImage.m in Sources */ = {isa = PBXBuildFile; fileRef = F7C5895F1D4104450027F8B0 /* FLAnimatedImage.m */; };
		F7D96EB81D43E72700EBDB0D /* CounterButton.swift in Sources */ = {isa = PBXBuildFile; fileRef = F7D96EB71D43E72700EBDB0D /* CounterButton.swift */; };
		F7DE955B1D42A1E0003FD8FB /* PokeButtons.xcassets in Resources */ = {isa = PBXBuildFile; fileRef = F7DE955A1D42A1E0003FD8FB /* PokeButtons.xcassets */; };
/* End PBXBuildFile section */

/* Begin PBXContainerItemProxy section */
		F7A2E5151D401CD40022D528 /* PBXContainerItemProxy */ = {
			isa = PBXContainerItemProxy;
			containerPortal = F7A2E4F81D401CD40022D528 /* Project object */;
			proxyType = 1;
			remoteGlobalIDString = F7A2E4FF1D401CD40022D528;
			remoteInfo = "Pokédex";
		};
		F7A2E5201D401CD40022D528 /* PBXContainerItemProxy */ = {
			isa = PBXContainerItemProxy;
			containerPortal = F7A2E4F81D401CD40022D528 /* Project object */;
			proxyType = 1;
			remoteGlobalIDString = F7A2E4FF1D401CD40022D528;
			remoteInfo = "Pokédex";
		};
/* End PBXContainerItemProxy section */

/* Begin PBXFileReference section */
		F7160E0C1D40E96C00EB498E /* DetailViewController.swift */ = {isa = PBXFileReference; fileEncoding = 4; lastKnownFileType = sourcecode.swift; path = DetailViewController.swift; sourceTree = "<group>"; };
		F73302AD1D43D0DC005F3F27 /* PowerUpViewController.swift */ = {isa = PBXFileReference; fileEncoding = 4; lastKnownFileType = sourcecode.swift; path = PowerUpViewController.swift; sourceTree = "<group>"; };
		F73302AF1D43D0EF005F3F27 /* EvolutionMultViewController.swift */ = {isa = PBXFileReference; fileEncoding = 4; lastKnownFileType = sourcecode.swift; path = EvolutionMultViewController.swift; sourceTree = "<group>"; };
		F73302B11D43D10B005F3F27 /* CPView.swift */ = {isa = PBXFileReference; fileEncoding = 4; lastKnownFileType = sourcecode.swift; path = CPView.swift; sourceTree = "<group>"; };
		F73BCA101D425B2700968DE8 /* PokeTypes.xcassets */ = {isa = PBXFileReference; lastKnownFileType = folder.assetcatalog; path = PokeTypes.xcassets; sourceTree = "<group>"; };
		F74BD44B1D451115008EEF58 /* DisplayCPView.swift */ = {isa = PBXFileReference; fileEncoding = 4; lastKnownFileType = sourcecode.swift; path = DisplayCPView.swift; sourceTree = "<group>"; };
		F74BD44D1D4511B2008EEF58 /* DisplayCPView.xib */ = {isa = PBXFileReference; fileEncoding = 4; lastKnownFileType = file.xib; path = DisplayCPView.xib; sourceTree = "<group>"; };
		F75B43371D46B667004B8A5C /* Pokédex Logo Mock1.png */ = {isa = PBXFileReference; lastKnownFileType = image.png; path = "Pokédex Logo Mock1.png"; sourceTree = "<group>"; };
		F775734E1D42FA3800BD46C4 /* PopAnimator.swift */ = {isa = PBXFileReference; fileEncoding = 4; lastKnownFileType = sourcecode.swift; path = PopAnimator.swift; sourceTree = "<group>"; };
		F77CB2A51D40C07200CD4F14 /* PokeImages.xcassets */ = {isa = PBXFileReference; lastKnownFileType = folder.assetcatalog; name = PokeImages.xcassets; path = ../PokeImages.xcassets; sourceTree = "<group>"; };
		F794EEEE1D42297A00151608 /* pokelevel.json */ = {isa = PBXFileReference; fileEncoding = 4; lastKnownFileType = text.json; path = pokelevel.json; sourceTree = "<group>"; };
		F79FDA241D41497D000D822E /* PokeData.swift */ = {isa = PBXFileReference; fileEncoding = 4; lastKnownFileType = sourcecode.swift; path = PokeData.swift; sourceTree = "<group>"; };
		F79FDA261D4149A2000D822E /* pokemon.json */ = {isa = PBXFileReference; fileEncoding = 4; lastKnownFileType = text.json; path = pokemon.json; sourceTree = "<group>"; };
		F79FDA271D4149A2000D822E /* pokejson2.json */ = {isa = PBXFileReference; fileEncoding = 4; lastKnownFileType = text.json; path = pokejson2.json; sourceTree = "<group>"; };
		F79FDA281D4149A2000D822E /* multiplier.json */ = {isa = PBXFileReference; fileEncoding = 4; lastKnownFileType = text.json; path = multiplier.json; sourceTree = "<group>"; };
		F7A2E5001D401CD40022D528 /* Pokédex.app */ = {isa = PBXFileReference; explicitFileType = wrapper.application; includeInIndex = 0; path = "Pokédex.app"; sourceTree = BUILT_PRODUCTS_DIR; };
		F7A2E5031D401CD40022D528 /* AppDelegate.swift */ = {isa = PBXFileReference; lastKnownFileType = sourcecode.swift; path = AppDelegate.swift; sourceTree = "<group>"; };
		F7A2E5051D401CD40022D528 /* ViewController.swift */ = {isa = PBXFileReference; lastKnownFileType = sourcecode.swift; path = ViewController.swift; sourceTree = "<group>"; };
		F7A2E5081D401CD40022D528 /* Base */ = {isa = PBXFileReference; lastKnownFileType = file.storyboard; name = Base; path = Base.lproj/Main.storyboard; sourceTree = "<group>"; };
		F7A2E50A1D401CD40022D528 /* Assets.xcassets */ = {isa = PBXFileReference; lastKnownFileType = folder.assetcatalog; path = Assets.xcassets; sourceTree = "<group>"; };
		F7A2E50D1D401CD40022D528 /* Base */ = {isa = PBXFileReference; lastKnownFileType = file.storyboard; name = Base; path = Base.lproj/LaunchScreen.storyboard; sourceTree = "<group>"; };
		F7A2E50F1D401CD40022D528 /* Info.plist */ = {isa = PBXFileReference; lastKnownFileType = text.plist.xml; path = Info.plist; sourceTree = "<group>"; };
		F7A2E5141D401CD40022D528 /* PokédexTests.xctest */ = {isa = PBXFileReference; explicitFileType = wrapper.cfbundle; includeInIndex = 0; path = "PokédexTests.xctest"; sourceTree = BUILT_PRODUCTS_DIR; };
		F7A2E5181D401CD40022D528 /* Poke_dexTests.swift */ = {isa = PBXFileReference; lastKnownFileType = sourcecode.swift; path = Poke_dexTests.swift; sourceTree = "<group>"; };
		F7A2E51A1D401CD40022D528 /* Info.plist */ = {isa = PBXFileReference; lastKnownFileType = text.plist.xml; path = Info.plist; sourceTree = "<group>"; };
		F7A2E51F1D401CD40022D528 /* PokédexUITests.xctest */ = {isa = PBXFileReference; explicitFileType = wrapper.cfbundle; includeInIndex = 0; path = "PokédexUITests.xctest"; sourceTree = BUILT_PRODUCTS_DIR; };
		F7A2E5231D401CD40022D528 /* Poke_dexUITests.swift */ = {isa = PBXFileReference; lastKnownFileType = sourcecode.swift; path = Poke_dexUITests.swift; sourceTree = "<group>"; };
		F7A2E5251D401CD40022D528 /* Info.plist */ = {isa = PBXFileReference; lastKnownFileType = text.plist.xml; path = Info.plist; sourceTree = "<group>"; };
		F7A969E51D40C6A2000652EF /* PokeCollectionViewCell.swift */ = {isa = PBXFileReference; fileEncoding = 4; lastKnownFileType = sourcecode.swift; path = PokeCollectionViewCell.swift; sourceTree = "<group>"; };
		F7C588FE1D4102290027F8B0 /* 45gif.gif */ = {isa = PBXFileReference; lastKnownFileType = image.gif; path = 45gif.gif; sourceTree = "<group>"; };
		F7C588FF1D4102290027F8B0 /* 44gif.gif */ = {isa = PBXFileReference; lastKnownFileType = image.gif; path = 44gif.gif; sourceTree = "<group>"; };
		F7C589001D4102290027F8B0 /* 43gif.gif */ = {isa = PBXFileReference; lastKnownFileType = image.gif; path = 43gif.gif; sourceTree = "<group>"; };
		F7C589011D4102290027F8B0 /* 42gif.gif */ = {isa = PBXFileReference; lastKnownFileType = image.gif; path = 42gif.gif; sourceTree = "<group>"; };
		F7C589021D4102290027F8B0 /* 41gif.gif */ = {isa = PBXFileReference; lastKnownFileType = image.gif; path = 41gif.gif; sourceTree = "<group>"; };
		F7C589031D4102290027F8B0 /* 40gif.gif */ = {isa = PBXFileReference; lastKnownFileType = image.gif; path = 40gif.gif; sourceTree = "<group>"; };
		F7C589041D4102290027F8B0 /* 39gif.gif */ = {isa = PBXFileReference; lastKnownFileType = image.gif; path = 39gif.gif; sourceTree = "<group>"; };
		F7C589051D4102290027F8B0 /* 38gif.gif */ = {isa = PBXFileReference; lastKnownFileType = image.gif; path = 38gif.gif; sourceTree = "<group>"; };
		F7C589061D4102290027F8B0 /* 37gif.gif */ = {isa = PBXFileReference; lastKnownFileType = image.gif; path = 37gif.gif; sourceTree = "<group>"; };
		F7C589071D4102290027F8B0 /* 36gif.gif */ = {isa = PBXFileReference; lastKnownFileType = image.gif; path = 36gif.gif; sourceTree = "<group>"; };
		F7C589081D4102290027F8B0 /* 35gif.gif */ = {isa = PBXFileReference; lastKnownFileType = image.gif; path = 35gif.gif; sourceTree = "<group>"; };
		F7C589091D4102290027F8B0 /* 34gif.gif */ = {isa = PBXFileReference; lastKnownFileType = image.gif; path = 34gif.gif; sourceTree = "<group>"; };
		F7C5890A1D4102290027F8B0 /* 33gif.gif */ = {isa = PBXFileReference; lastKnownFileType = image.gif; path = 33gif.gif; sourceTree = "<group>"; };
		F7C5890B1D4102290027F8B0 /* 32gif.gif */ = {isa = PBXFileReference; lastKnownFileType = image.gif; path = 32gif.gif; sourceTree = "<group>"; };
		F7C5890C1D4102290027F8B0 /* 31gif.gif */ = {isa = PBXFileReference; lastKnownFileType = image.gif; path = 31gif.gif; sourceTree = "<group>"; };
		F7C5890D1D4102290027F8B0 /* 30gif.gif */ = {isa = PBXFileReference; lastKnownFileType = image.gif; path = 30gif.gif; sourceTree = "<group>"; };
		F7C5890E1D4102290027F8B0 /* 29gif.gif */ = {isa = PBXFileReference; lastKnownFileType = image.gif; path = 29gif.gif; sourceTree = "<group>"; };
		F7C5890F1D4102290027F8B0 /* 28gif.gif */ = {isa = PBXFileReference; lastKnownFileType = image.gif; path = 28gif.gif; sourceTree = "<group>"; };
		F7C589101D4102290027F8B0 /* 27gif.gif */ = {isa = PBXFileReference; lastKnownFileType = image.gif; path = 27gif.gif; sourceTree = "<group>"; };
		F7C589111D4102290027F8B0 /* 26gif.gif */ = {isa = PBXFileReference; lastKnownFileType = image.gif; path = 26gif.gif; sourceTree = "<group>"; };
		F7C589121D4102290027F8B0 /* 25gif.gif */ = {isa = PBXFileReference; lastKnownFileType = image.gif; path = 25gif.gif; sourceTree = "<group>"; };
		F7C589131D4102290027F8B0 /* 24gif.gif */ = {isa = PBXFileReference; lastKnownFileType = image.gif; path = 24gif.gif; sourceTree = "<group>"; };
		F7C589141D4102290027F8B0 /* 23gif.gif */ = {isa = PBXFileReference; lastKnownFileType = image.gif; path = 23gif.gif; sourceTree = "<group>"; };
		F7C589151D4102290027F8B0 /* 22gif.gif */ = {isa = PBXFileReference; lastKnownFileType = image.gif; path = 22gif.gif; sourceTree = "<group>"; };
		F7C589161D4102290027F8B0 /* 21gif.gif */ = {isa = PBXFileReference; lastKnownFileType = image.gif; path = 21gif.gif; sourceTree = "<group>"; };
		F7C589171D4102290027F8B0 /* 20gif.gif */ = {isa = PBXFileReference; lastKnownFileType = image.gif; path = 20gif.gif; sourceTree = "<group>"; };
		F7C589181D4102290027F8B0 /* 19gif.gif */ = {isa = PBXFileReference; lastKnownFileType = image.gif; path = 19gif.gif; sourceTree = "<group>"; };
		F7C589191D4102290027F8B0 /* 18gif.gif */ = {isa = PBXFileReference; lastKnownFileType = image.gif; path = 18gif.gif; sourceTree = "<group>"; };
		F7C5891A1D4102290027F8B0 /* 17gif.gif */ = {isa = PBXFileReference; lastKnownFileType = image.gif; path = 17gif.gif; sourceTree = "<group>"; };
		F7C5891B1D4102290027F8B0 /* 16gif.gif */ = {isa = PBXFileReference; lastKnownFileType = image.gif; path = 16gif.gif; sourceTree = "<group>"; };
		F7C5891C1D4102290027F8B0 /* 15gif.gif */ = {isa = PBXFileReference; lastKnownFileType = image.gif; path = 15gif.gif; sourceTree = "<group>"; };
		F7C5891D1D4102290027F8B0 /* 14gif.gif */ = {isa = PBXFileReference; lastKnownFileType = image.gif; path = 14gif.gif; sourceTree = "<group>"; };
		F7C5891E1D4102290027F8B0 /* 13gif.gif */ = {isa = PBXFileReference; lastKnownFileType = image.gif; path = 13gif.gif; sourceTree = "<group>"; };
		F7C5891F1D4102290027F8B0 /* 12gif.gif */ = {isa = PBXFileReference; lastKnownFileType = image.gif; path = 12gif.gif; sourceTree = "<group>"; };
		F7C589201D4102290027F8B0 /* 11gif.gif */ = {isa = PBXFileReference; lastKnownFileType = image.gif; path = 11gif.gif; sourceTree = "<group>"; };
		F7C589211D4102290027F8B0 /* 10gif.gif */ = {isa = PBXFileReference; lastKnownFileType = image.gif; path = 10gif.gif; sourceTree = "<group>"; };
		F7C589221D4102290027F8B0 /* 9gif.gif */ = {isa = PBXFileReference; lastKnownFileType = image.gif; path = 9gif.gif; sourceTree = "<group>"; };
		F7C589231D4102290027F8B0 /* 8gif.gif */ = {isa = PBXFileReference; lastKnownFileType = image.gif; path = 8gif.gif; sourceTree = "<group>"; };
		F7C589241D4102290027F8B0 /* 7gif.gif */ = {isa = PBXFileReference; lastKnownFileType = image.gif; path = 7gif.gif; sourceTree = "<group>"; };
		F7C589251D4102290027F8B0 /* 6gif.gif */ = {isa = PBXFileReference; lastKnownFileType = image.gif; path = 6gif.gif; sourceTree = "<group>"; };
		F7C589261D4102290027F8B0 /* 5gif.gif */ = {isa = PBXFileReference; lastKnownFileType = image.gif; path = 5gif.gif; sourceTree = "<group>"; };
		F7C589271D4102290027F8B0 /* 4gif.gif */ = {isa = PBXFileReference; lastKnownFileType = image.gif; path = 4gif.gif; sourceTree = "<group>"; };
		F7C589281D4102290027F8B0 /* 3gif.gif */ = {isa = PBXFileReference; lastKnownFileType = image.gif; path = 3gif.gif; sourceTree = "<group>"; };
		F7C589291D4102290027F8B0 /* 2gif.gif */ = {isa = PBXFileReference; lastKnownFileType = image.gif; path = 2gif.gif; sourceTree = "<group>"; };
		F7C5892A1D4102290027F8B0 /* 1gif.gif */ = {isa = PBXFileReference; lastKnownFileType = image.gif; path = 1gif.gif; sourceTree = "<group>"; };
		F7C5895D1D4104450027F8B0 /* FLAnimatedImageView.m */ = {isa = PBXFileReference; fileEncoding = 4; lastKnownFileType = sourcecode.c.objc; path = FLAnimatedImageView.m; sourceTree = "<group>"; };
		F7C5895E1D4104450027F8B0 /* FLAnimatedImageView.h */ = {isa = PBXFileReference; fileEncoding = 4; lastKnownFileType = sourcecode.c.h; path = FLAnimatedImageView.h; sourceTree = "<group>"; };
		F7C5895F1D4104450027F8B0 /* FLAnimatedImage.m */ = {isa = PBXFileReference; fileEncoding = 4; lastKnownFileType = sourcecode.c.objc; path = FLAnimatedImage.m; sourceTree = "<group>"; };
		F7C589601D4104450027F8B0 /* FLAnimatedImage.h */ = {isa = PBXFileReference; fileEncoding = 4; lastKnownFileType = sourcecode.c.h; path = FLAnimatedImage.h; sourceTree = "<group>"; };
		F7C589631D41047A0027F8B0 /* Pokédex-Bridging-Header.h */ = {isa = PBXFileReference; fileEncoding = 4; lastKnownFileType = sourcecode.c.h; path = "Pokédex-Bridging-Header.h"; sourceTree = "<group>"; };
		F7D96EB71D43E72700EBDB0D /* CounterButton.swift */ = {isa = PBXFileReference; fileEncoding = 4; lastKnownFileType = sourcecode.swift; path = CounterButton.swift; sourceTree = "<group>"; };
		F7DE955A1D42A1E0003FD8FB /* PokeButtons.xcassets */ = {isa = PBXFileReference; lastKnownFileType = folder.assetcatalog; path = PokeButtons.xcassets; sourceTree = "<group>"; };
/* End PBXFileReference section */

/* Begin PBXFrameworksBuildPhase section */
		F7A2E4FD1D401CD40022D528 /* Frameworks */ = {
			isa = PBXFrameworksBuildPhase;
			buildActionMask = 2147483647;
			files = (
			);
			runOnlyForDeploymentPostprocessing = 0;
		};
		F7A2E5111D401CD40022D528 /* Frameworks */ = {
			isa = PBXFrameworksBuildPhase;
			buildActionMask = 2147483647;
			files = (
			);
			runOnlyForDeploymentPostprocessing = 0;
		};
		F7A2E51C1D401CD40022D528 /* Frameworks */ = {
			isa = PBXFrameworksBuildPhase;
			buildActionMask = 2147483647;
			files = (
			);
			runOnlyForDeploymentPostprocessing = 0;
		};
/* End PBXFrameworksBuildPhase section */

/* Begin PBXGroup section */
		F79FDA2C1D4149A8000D822E /* PokeDataJSON */ = {
			isa = PBXGroup;
			children = (
				F79FDA261D4149A2000D822E /* pokemon.json */,
				F79FDA271D4149A2000D822E /* pokejson2.json */,
				F79FDA281D4149A2000D822E /* multiplier.json */,
				F794EEEE1D42297A00151608 /* pokelevel.json */,
			);
			name = PokeDataJSON;
			sourceTree = "<group>";
		};
		F7A2E4F71D401CD40022D528 = {
			isa = PBXGroup;
			children = (
				F7A2E5021D401CD40022D528 /* Pokédex */,
				F7A2E5171D401CD40022D528 /* PokédexTests */,
				F7A2E5221D401CD40022D528 /* PokédexUITests */,
				F7A2E5011D401CD40022D528 /* Products */,
			);
			sourceTree = "<group>";
		};
		F7A2E5011D401CD40022D528 /* Products */ = {
			isa = PBXGroup;
			children = (
				F7A2E5001D401CD40022D528 /* Pokédex.app */,
				F7A2E5141D401CD40022D528 /* PokédexTests.xctest */,
				F7A2E51F1D401CD40022D528 /* PokédexUITests.xctest */,
			);
			name = Products;
			sourceTree = "<group>";
		};
		F7A2E5021D401CD40022D528 /* Pokédex */ = {
			isa = PBXGroup;
			children = (
				F79FDA2C1D4149A8000D822E /* PokeDataJSON */,
				F7C5895C1D41042C0027F8B0 /* FLAnimations */,
				F7A2E5031D401CD40022D528 /* AppDelegate.swift */,
				F7A2E5051D401CD40022D528 /* ViewController.swift */,
				F74BD44B1D451115008EEF58 /* DisplayCPView.swift */,
				F775734E1D42FA3800BD46C4 /* PopAnimator.swift */,
				F7160E0C1D40E96C00EB498E /* DetailViewController.swift */,
				F79FDA241D41497D000D822E /* PokeData.swift */,
				F73302AD1D43D0DC005F3F27 /* PowerUpViewController.swift */,
				F73302AF1D43D0EF005F3F27 /* EvolutionMultViewController.swift */,
				F73302B11D43D10B005F3F27 /* CPView.swift */,
				F7A2E5071D401CD40022D528 /* Main.storyboard */,
				F74BD44D1D4511B2008EEF58 /* DisplayCPView.xib */,
				F7A2E50C1D401CD40022D528 /* LaunchScreen.storyboard */,
				F7D96EB71D43E72700EBDB0D /* CounterButton.swift */,
				F7A969E51D40C6A2000652EF /* PokeCollectionViewCell.swift */,
				F75B43371D46B667004B8A5C /* Pokédex Logo Mock1.png */,
				F7DE955A1D42A1E0003FD8FB /* PokeButtons.xcassets */,
				F77CB2A51D40C07200CD4F14 /* PokeImages.xcassets */,
				F73BCA101D425B2700968DE8 /* PokeTypes.xcassets */,
				F7A2E50A1D401CD40022D528 /* Assets.xcassets */,
				F7A2E50F1D401CD40022D528 /* Info.plist */,
				F7C588FD1D4102180027F8B0 /* PokeGIFs */,
			);
			path = "Pokédex";
			sourceTree = "<group>";
		};
		F7A2E5171D401CD40022D528 /* PokédexTests */ = {
			isa = PBXGroup;
			children = (
				F7A2E5181D401CD40022D528 /* Poke_dexTests.swift */,
				F7A2E51A1D401CD40022D528 /* Info.plist */,
			);
			path = "PokédexTests";
			sourceTree = "<group>";
		};
		F7A2E5221D401CD40022D528 /* PokédexUITests */ = {
			isa = PBXGroup;
			children = (
				F7A2E5231D401CD40022D528 /* Poke_dexUITests.swift */,
				F7A2E5251D401CD40022D528 /* Info.plist */,
			);
			path = "PokédexUITests";
			sourceTree = "<group>";
		};
		F7C588FD1D4102180027F8B0 /* PokeGIFs */ = {
			isa = PBXGroup;
			children = (
				F7C588FE1D4102290027F8B0 /* 45gif.gif */,
				F7C588FF1D4102290027F8B0 /* 44gif.gif */,
				F7C589001D4102290027F8B0 /* 43gif.gif */,
				F7C589011D4102290027F8B0 /* 42gif.gif */,
				F7C589021D4102290027F8B0 /* 41gif.gif */,
				F7C589031D4102290027F8B0 /* 40gif.gif */,
				F7C589041D4102290027F8B0 /* 39gif.gif */,
				F7C589051D4102290027F8B0 /* 38gif.gif */,
				F7C589061D4102290027F8B0 /* 37gif.gif */,
				F7C589071D4102290027F8B0 /* 36gif.gif */,
				F7C589081D4102290027F8B0 /* 35gif.gif */,
				F7C589091D4102290027F8B0 /* 34gif.gif */,
				F7C5890A1D4102290027F8B0 /* 33gif.gif */,
				F7C5890B1D4102290027F8B0 /* 32gif.gif */,
				F7C5890C1D4102290027F8B0 /* 31gif.gif */,
				F7C5890D1D4102290027F8B0 /* 30gif.gif */,
				F7C5890E1D4102290027F8B0 /* 29gif.gif */,
				F7C5890F1D4102290027F8B0 /* 28gif.gif */,
				F7C589101D4102290027F8B0 /* 27gif.gif */,
				F7C589111D4102290027F8B0 /* 26gif.gif */,
				F7C589121D4102290027F8B0 /* 25gif.gif */,
				F7C589131D4102290027F8B0 /* 24gif.gif */,
				F7C589141D4102290027F8B0 /* 23gif.gif */,
				F7C589151D4102290027F8B0 /* 22gif.gif */,
				F7C589161D4102290027F8B0 /* 21gif.gif */,
				F7C589171D4102290027F8B0 /* 20gif.gif */,
				F7C589181D4102290027F8B0 /* 19gif.gif */,
				F7C589191D4102290027F8B0 /* 18gif.gif */,
				F7C5891A1D4102290027F8B0 /* 17gif.gif */,
				F7C5891B1D4102290027F8B0 /* 16gif.gif */,
				F7C5891C1D4102290027F8B0 /* 15gif.gif */,
				F7C5891D1D4102290027F8B0 /* 14gif.gif */,
				F7C5891E1D4102290027F8B0 /* 13gif.gif */,
				F7C5891F1D4102290027F8B0 /* 12gif.gif */,
				F7C589201D4102290027F8B0 /* 11gif.gif */,
				F7C589211D4102290027F8B0 /* 10gif.gif */,
				F7C589221D4102290027F8B0 /* 9gif.gif */,
				F7C589231D4102290027F8B0 /* 8gif.gif */,
				F7C589241D4102290027F8B0 /* 7gif.gif */,
				F7C589251D4102290027F8B0 /* 6gif.gif */,
				F7C589261D4102290027F8B0 /* 5gif.gif */,
				F7C589271D4102290027F8B0 /* 4gif.gif */,
				F7C589281D4102290027F8B0 /* 3gif.gif */,
				F7C589291D4102290027F8B0 /* 2gif.gif */,
				F7C5892A1D4102290027F8B0 /* 1gif.gif */,
			);
			name = PokeGIFs;
			sourceTree = "<group>";
		};
		F7C5895C1D41042C0027F8B0 /* FLAnimations */ = {
			isa = PBXGroup;
			children = (
				F7C589631D41047A0027F8B0 /* Pokédex-Bridging-Header.h */,
				F7C5895D1D4104450027F8B0 /* FLAnimatedImageView.m */,
				F7C5895E1D4104450027F8B0 /* FLAnimatedImageView.h */,
				F7C5895F1D4104450027F8B0 /* FLAnimatedImage.m */,
				F7C589601D4104450027F8B0 /* FLAnimatedImage.h */,
			);
			name = FLAnimations;
			sourceTree = "<group>";
		};
/* End PBXGroup section */

/* Begin PBXNativeTarget section */
		F7A2E4FF1D401CD40022D528 /* Pokédex */ = {
			isa = PBXNativeTarget;
			buildConfigurationList = F7A2E5281D401CD40022D528 /* Build configuration list for PBXNativeTarget "Pokédex" */;
			buildPhases = (
				F7A2E4FC1D401CD40022D528 /* Sources */,
				F7A2E4FD1D401CD40022D528 /* Frameworks */,
				F7A2E4FE1D401CD40022D528 /* Resources */,
			);
			buildRules = (
			);
			dependencies = (
			);
			name = "Pokédex";
			productName = "Pokédex";
			productReference = F7A2E5001D401CD40022D528 /* Pokédex.app */;
			productType = "com.apple.product-type.application";
		};
		F7A2E5131D401CD40022D528 /* PokédexTests */ = {
			isa = PBXNativeTarget;
			buildConfigurationList = F7A2E52B1D401CD40022D528 /* Build configuration list for PBXNativeTarget "PokédexTests" */;
			buildPhases = (
				77C71E3BE388B214E788EF3D /* [CP] Check Pods Manifest.lock */,
				F7A2E5101D401CD40022D528 /* Sources */,
				F7A2E5111D401CD40022D528 /* Frameworks */,
				F7A2E5121D401CD40022D528 /* Resources */,
				257744278AAA0E31CC439A2C /* [CP] Embed Pods Frameworks */,
				1BAAC55E19A3586ECFC66372 /* [CP] Copy Pods Resources */,
			);
			buildRules = (
			);
			dependencies = (
				F7A2E5161D401CD40022D528 /* PBXTargetDependency */,
			);
			name = "PokédexTests";
			productName = "PokédexTests";
			productReference = F7A2E5141D401CD40022D528 /* PokédexTests.xctest */;
			productType = "com.apple.product-type.bundle.unit-test";
		};
		F7A2E51E1D401CD40022D528 /* PokédexUITests */ = {
			isa = PBXNativeTarget;
			buildConfigurationList = F7A2E52E1D401CD40022D528 /* Build configuration list for PBXNativeTarget "PokédexUITests" */;
			buildPhases = (
				57C67F3D2771B92DFAC8A056 /* [CP] Check Pods Manifest.lock */,
				F7A2E51B1D401CD40022D528 /* Sources */,
				F7A2E51C1D401CD40022D528 /* Frameworks */,
				F7A2E51D1D401CD40022D528 /* Resources */,
				672AF6E0932509C0DA18334B /* [CP] Copy Pods Resources */,
			);
			buildRules = (
			);
			dependencies = (
				F7A2E5211D401CD40022D528 /* PBXTargetDependency */,
			);
			name = "PokédexUITests";
			productName = "PokédexUITests";
			productReference = F7A2E51F1D401CD40022D528 /* PokédexUITests.xctest */;
			productType = "com.apple.product-type.bundle.ui-testing";
		};
/* End PBXNativeTarget section */

/* Begin PBXProject section */
		F7A2E4F81D401CD40022D528 /* Project object */ = {
			isa = PBXProject;
			attributes = {
				LastSwiftUpdateCheck = 0800;
				LastUpgradeCheck = 0800;
				ORGANIZATIONNAME = an23lm;
				TargetAttributes = {
					F7A2E4FF1D401CD40022D528 = {
						CreatedOnToolsVersion = 8.0;
						DevelopmentTeam = F698675JBS;
						DevelopmentTeamName = "Ansèlm Joseph (Personal Team)";
						LastSwiftMigration = 0800;
						ProvisioningStyle = Automatic;
					};
					F7A2E5131D401CD40022D528 = {
						CreatedOnToolsVersion = 8.0;
						DevelopmentTeam = F698675JBS;
						DevelopmentTeamName = "Ansèlm Joseph (Personal Team)";
						ProvisioningStyle = Automatic;
						TestTargetID = F7A2E4FF1D401CD40022D528;
					};
					F7A2E51E1D401CD40022D528 = {
						CreatedOnToolsVersion = 8.0;
						DevelopmentTeam = F698675JBS;
						DevelopmentTeamName = "Ansèlm Joseph (Personal Team)";
						ProvisioningStyle = Automatic;
						TestTargetID = F7A2E4FF1D401CD40022D528;
					};
				};
			};
			buildConfigurationList = F7A2E4FB1D401CD40022D528 /* Build configuration list for PBXProject "Pokédex" */;
			compatibilityVersion = "Xcode 3.2";
			developmentRegion = English;
			hasScannedForEncodings = 0;
			knownRegions = (
				en,
				Base,
			);
			mainGroup = F7A2E4F71D401CD40022D528;
			productRefGroup = F7A2E5011D401CD40022D528 /* Products */;
			projectDirPath = "";
			projectRoot = "";
			targets = (
				F7A2E4FF1D401CD40022D528 /* Pokédex */,
				F7A2E5131D401CD40022D528 /* PokédexTests */,
				F7A2E51E1D401CD40022D528 /* PokédexUITests */,
			);
		};
/* End PBXProject section */

/* Begin PBXResourcesBuildPhase section */
		F7A2E4FE1D401CD40022D528 /* Resources */ = {
			isa = PBXResourcesBuildPhase;
			buildActionMask = 2147483647;
			files = (
				F7C5892F1D4102290027F8B0 /* 41gif.gif in Resources */,
				F7C589461D4102290027F8B0 /* 18gif.gif in Resources */,
				F7C5892C1D4102290027F8B0 /* 44gif.gif in Resources */,
				F7C589401D4102290027F8B0 /* 24gif.gif in Resources */,
				F7C5893A1D4102290027F8B0 /* 30gif.gif in Resources */,
				F7C589491D4102290027F8B0 /* 15gif.gif in Resources */,
				F7DE955B1D42A1E0003FD8FB /* PokeButtons.xcassets in Resources */,
				F79FDA291D4149A2000D822E /* pokemon.json in Resources */,
				F7C5894A1D4102290027F8B0 /* 14gif.gif in Resources */,
				F7C5892E1D4102290027F8B0 /* 42gif.gif in Resources */,
				F7C589451D4102290027F8B0 /* 19gif.gif in Resources */,
				F7C5893E1D4102290027F8B0 /* 26gif.gif in Resources */,
				F7C589431D4102290027F8B0 /* 21gif.gif in Resources */,
				F7C589441D4102290027F8B0 /* 20gif.gif in Resources */,
				F77CB2A61D40C07200CD4F14 /* PokeImages.xcassets in Resources */,
				F75B43381D46B667004B8A5C /* Pokédex Logo Mock1.png in Resources */,
				F7C589551D4102290027F8B0 /* 3gif.gif in Resources */,
				F7C5892D1D4102290027F8B0 /* 43gif.gif in Resources */,
				F7C589371D4102290027F8B0 /* 33gif.gif in Resources */,
				F79FDA2B1D4149A2000D822E /* multiplier.json in Resources */,
				F7C589321D4102290027F8B0 /* 38gif.gif in Resources */,
				F7C5894C1D4102290027F8B0 /* 12gif.gif in Resources */,
				F7C589511D4102290027F8B0 /* 7gif.gif in Resources */,
				F7C5893D1D4102290027F8B0 /* 27gif.gif in Resources */,
				F7C589471D4102290027F8B0 /* 17gif.gif in Resources */,
				F7A2E50E1D401CD40022D528 /* LaunchScreen.storyboard in Resources */,
				F7A2E50B1D401CD40022D528 /* Assets.xcassets in Resources */,
				F7C589531D4102290027F8B0 /* 5gif.gif in Resources */,
				F7C589341D4102290027F8B0 /* 36gif.gif in Resources */,
				F7C589501D4102290027F8B0 /* 8gif.gif in Resources */,
				F7C5893F1D4102290027F8B0 /* 25gif.gif in Resources */,
				F7C5892B1D4102290027F8B0 /* 45gif.gif in Resources */,
				F7C589561D4102290027F8B0 /* 2gif.gif in Resources */,
				F7C589351D4102290027F8B0 /* 35gif.gif in Resources */,
				F7C589481D4102290027F8B0 /* 16gif.gif in Resources */,
				F7C5894F1D4102290027F8B0 /* 9gif.gif in Resources */,
				F794EEEF1D42297A00151608 /* pokelevel.json in Resources */,
				F7C589521D4102290027F8B0 /* 6gif.gif in Resources */,
				F74BD44E1D4511B2008EEF58 /* DisplayCPView.xib in Resources */,
				F7C589541D4102290027F8B0 /* 4gif.gif in Resources */,
				F7C5894E1D4102290027F8B0 /* 10gif.gif in Resources */,
				F79FDA2A1D4149A2000D822E /* pokejson2.json in Resources */,
				F7C589391D4102290027F8B0 /* 31gif.gif in Resources */,
				F7A2E5091D401CD40022D528 /* Main.storyboard in Resources */,
				F7C5894D1D4102290027F8B0 /* 11gif.gif in Resources */,
				F7C5893C1D4102290027F8B0 /* 28gif.gif in Resources */,
				F7C5894B1D4102290027F8B0 /* 13gif.gif in Resources */,
				F7C589331D4102290027F8B0 /* 37gif.gif in Resources */,
				F73BCA111D425B2700968DE8 /* PokeTypes.xcassets in Resources */,
				F7C589301D4102290027F8B0 /* 40gif.gif in Resources */,
				F7C589311D4102290027F8B0 /* 39gif.gif in Resources */,
				F7C589361D4102290027F8B0 /* 34gif.gif in Resources */,
				F7C5893B1D4102290027F8B0 /* 29gif.gif in Resources */,
				F7C589411D4102290027F8B0 /* 23gif.gif in Resources */,
				F7C589421D4102290027F8B0 /* 22gif.gif in Resources */,
				F7C589381D4102290027F8B0 /* 32gif.gif in Resources */,
				F7C589571D4102290027F8B0 /* 1gif.gif in Resources */,
			);
			runOnlyForDeploymentPostprocessing = 0;
		};
		F7A2E5121D401CD40022D528 /* Resources */ = {
			isa = PBXResourcesBuildPhase;
			buildActionMask = 2147483647;
			files = (
			);
			runOnlyForDeploymentPostprocessing = 0;
		};
		F7A2E51D1D401CD40022D528 /* Resources */ = {
			isa = PBXResourcesBuildPhase;
			buildActionMask = 2147483647;
			files = (
			);
			runOnlyForDeploymentPostprocessing = 0;
		};
/* End PBXResourcesBuildPhase section */

/* Begin PBXShellScriptBuildPhase section */
		1BAAC55E19A3586ECFC66372 /* [CP] Copy Pods Resources */ = {
			isa = PBXShellScriptBuildPhase;
			buildActionMask = 2147483647;
			files = (
			);
			inputPaths = (
			);
			name = "[CP] Copy Pods Resources";
			outputPaths = (
			);
			runOnlyForDeploymentPostprocessing = 0;
			shellPath = /bin/sh;
			shellScript = "\"${SRCROOT}/Pods/Target Support Files/Pods-PokédexTests/Pods-PokédexTests-resources.sh\"\n";
			showEnvVarsInLog = 0;
		};
		257744278AAA0E31CC439A2C /* [CP] Embed Pods Frameworks */ = {
			isa = PBXShellScriptBuildPhase;
			buildActionMask = 2147483647;
			files = (
			);
			inputPaths = (
			);
			name = "[CP] Embed Pods Frameworks";
			outputPaths = (
			);
			runOnlyForDeploymentPostprocessing = 0;
			shellPath = /bin/sh;
			shellScript = "\"${SRCROOT}/Pods/Target Support Files/Pods-PokédexTests/Pods-PokédexTests-frameworks.sh\"\n";
			showEnvVarsInLog = 0;
		};
		57C67F3D2771B92DFAC8A056 /* [CP] Check Pods Manifest.lock */ = {
			isa = PBXShellScriptBuildPhase;
			buildActionMask = 2147483647;
			files = (
			);
			inputPaths = (
			);
			name = "[CP] Check Pods Manifest.lock";
			outputPaths = (
			);
			runOnlyForDeploymentPostprocessing = 0;
			shellPath = /bin/sh;
			shellScript = "diff \"${PODS_ROOT}/../Podfile.lock\" \"${PODS_ROOT}/Manifest.lock\" > /dev/null\nif [[ $? != 0 ]] ; then\n    cat << EOM\nerror: The sandbox is not in sync with the Podfile.lock. Run 'pod install' or update your CocoaPods installation.\nEOM\n    exit 1\nfi\n";
			showEnvVarsInLog = 0;
		};
		672AF6E0932509C0DA18334B /* [CP] Copy Pods Resources */ = {
			isa = PBXShellScriptBuildPhase;
			buildActionMask = 2147483647;
			files = (
			);
			inputPaths = (
			);
			name = "[CP] Copy Pods Resources";
			outputPaths = (
			);
			runOnlyForDeploymentPostprocessing = 0;
			shellPath = /bin/sh;
			shellScript = "\"${SRCROOT}/Pods/Target Support Files/Pods-PokédexUITests/Pods-PokédexUITests-resources.sh\"\n";
			showEnvVarsInLog = 0;
		};
		77C71E3BE388B214E788EF3D /* [CP] Check Pods Manifest.lock */ = {
			isa = PBXShellScriptBuildPhase;
			buildActionMask = 2147483647;
			files = (
			);
			inputPaths = (
			);
			name = "[CP] Check Pods Manifest.lock";
			outputPaths = (
			);
			runOnlyForDeploymentPostprocessing = 0;
			shellPath = /bin/sh;
			shellScript = "diff \"${PODS_ROOT}/../Podfile.lock\" \"${PODS_ROOT}/Manifest.lock\" > /dev/null\nif [[ $? != 0 ]] ; then\n    cat << EOM\nerror: The sandbox is not in sync with the Podfile.lock. Run 'pod install' or update your CocoaPods installation.\nEOM\n    exit 1\nfi\n";
			showEnvVarsInLog = 0;
		};
/* End PBXShellScriptBuildPhase section */

/* Begin PBXSourcesBuildPhase section */
		F7A2E4FC1D401CD40022D528 /* Sources */ = {
			isa = PBXSourcesBuildPhase;
			buildActionMask = 2147483647;
			files = (
				F7A2E5061D401CD40022D528 /* ViewController.swift in Sources */,
				F7C589621D4104450027F8B0 /* FLAnimatedImage.m in Sources */,
				F73302B01D43D0EF005F3F27 /* EvolutionMultViewController.swift in Sources */,
				F73302B21D43D10B005F3F27 /* CPView.swift in Sources */,
				F79FDA251D41497D000D822E /* PokeData.swift in Sources */,
				F7A969E61D40C6A2000652EF /* PokeCollectionViewCell.swift in Sources */,
				F7A2E5041D401CD40022D528 /* AppDelegate.swift in Sources */,
				F7160E0D1D40E96C00EB498E /* DetailViewController.swift in Sources */,
				F73302AE1D43D0DC005F3F27 /* PowerUpViewController.swift in Sources */,
				F775734F1D42FA3800BD46C4 /* PopAnimator.swift in Sources */,
				F7D96EB81D43E72700EBDB0D /* CounterButton.swift in Sources */,
				F7C589611D4104450027F8B0 /* FLAnimatedImageView.m in Sources */,
				F74BD44C1D451115008EEF58 /* DisplayCPView.swift in Sources */,
			);
			runOnlyForDeploymentPostprocessing = 0;
		};
		F7A2E5101D401CD40022D528 /* Sources */ = {
			isa = PBXSourcesBuildPhase;
			buildActionMask = 2147483647;
			files = (
				F7A2E5191D401CD40022D528 /* Poke_dexTests.swift in Sources */,
			);
			runOnlyForDeploymentPostprocessing = 0;
		};
		F7A2E51B1D401CD40022D528 /* Sources */ = {
			isa = PBXSourcesBuildPhase;
			buildActionMask = 2147483647;
			files = (
				F7A2E5241D401CD40022D528 /* Poke_dexUITests.swift in Sources */,
			);
			runOnlyForDeploymentPostprocessing = 0;
		};
/* End PBXSourcesBuildPhase section */

/* Begin PBXTargetDependency section */
		F7A2E5161D401CD40022D528 /* PBXTargetDependency */ = {
			isa = PBXTargetDependency;
			target = F7A2E4FF1D401CD40022D528 /* Pokédex */;
			targetProxy = F7A2E5151D401CD40022D528 /* PBXContainerItemProxy */;
		};
		F7A2E5211D401CD40022D528 /* PBXTargetDependency */ = {
			isa = PBXTargetDependency;
			target = F7A2E4FF1D401CD40022D528 /* Pokédex */;
			targetProxy = F7A2E5201D401CD40022D528 /* PBXContainerItemProxy */;
		};
/* End PBXTargetDependency section */

/* Begin PBXVariantGroup section */
		F7A2E5071D401CD40022D528 /* Main.storyboard */ = {
			isa = PBXVariantGroup;
			children = (
				F7A2E5081D401CD40022D528 /* Base */,
			);
			name = Main.storyboard;
			sourceTree = "<group>";
		};
		F7A2E50C1D401CD40022D528 /* LaunchScreen.storyboard */ = {
			isa = PBXVariantGroup;
			children = (
				F7A2E50D1D401CD40022D528 /* Base */,
			);
			name = LaunchScreen.storyboard;
			sourceTree = "<group>";
		};
/* End PBXVariantGroup section */

/* Begin XCBuildConfiguration section */
		F7A2E5261D401CD40022D528 /* Debug */ = {
			isa = XCBuildConfiguration;
			buildSettings = {
				ALWAYS_SEARCH_USER_PATHS = NO;
				CLANG_ANALYZER_NONNULL = YES;
				CLANG_CXX_LANGUAGE_STANDARD = "gnu++0x";
				CLANG_CXX_LIBRARY = "libc++";
				CLANG_ENABLE_MODULES = YES;
				CLANG_ENABLE_OBJC_ARC = YES;
				CLANG_WARN_BOOL_CONVERSION = YES;
				CLANG_WARN_CONSTANT_CONVERSION = YES;
				CLANG_WARN_DIRECT_OBJC_ISA_USAGE = YES_ERROR;
				CLANG_WARN_DOCUMENTATION_COMMENTS = YES;
				CLANG_WARN_EMPTY_BODY = YES;
				CLANG_WARN_ENUM_CONVERSION = YES;
				CLANG_WARN_INT_CONVERSION = YES;
				CLANG_WARN_OBJC_ROOT_CLASS = YES_ERROR;
				CLANG_WARN_UNREACHABLE_CODE = YES;
				CLANG_WARN__DUPLICATE_METHOD_MATCH = YES;
				"CODE_SIGN_IDENTITY[sdk=iphoneos*]" = "iPhone Developer";
				COPY_PHASE_STRIP = NO;
				DEBUG_INFORMATION_FORMAT = dwarf;
				ENABLE_STRICT_OBJC_MSGSEND = YES;
				ENABLE_TESTABILITY = YES;
				GCC_C_LANGUAGE_STANDARD = gnu99;
				GCC_DYNAMIC_NO_PIC = NO;
				GCC_NO_COMMON_BLOCKS = YES;
				GCC_OPTIMIZATION_LEVEL = 0;
				GCC_PREPROCESSOR_DEFINITIONS = (
					"DEBUG=1",
					"$(inherited)",
				);
				GCC_WARN_64_TO_32_BIT_CONVERSION = YES;
				GCC_WARN_ABOUT_RETURN_TYPE = YES_ERROR;
				GCC_WARN_UNDECLARED_SELECTOR = YES;
				GCC_WARN_UNINITIALIZED_AUTOS = YES_AGGRESSIVE;
				GCC_WARN_UNUSED_FUNCTION = YES;
				GCC_WARN_UNUSED_VARIABLE = YES;
				IPHONEOS_DEPLOYMENT_TARGET = 10.0;
				MTL_ENABLE_DEBUG_INFO = YES;
				ONLY_ACTIVE_ARCH = YES;
				SDKROOT = iphoneos;
				SWIFT_ACTIVE_COMPILATION_CONDITIONS = DEBUG;
				SWIFT_OPTIMIZATION_LEVEL = "-Onone";
				TARGETED_DEVICE_FAMILY = "1,2";
			};
			name = Debug;
		};
		F7A2E5271D401CD40022D528 /* Release */ = {
			isa = XCBuildConfiguration;
			buildSettings = {
				ALWAYS_SEARCH_USER_PATHS = NO;
				CLANG_ANALYZER_NONNULL = YES;
				CLANG_CXX_LANGUAGE_STANDARD = "gnu++0x";
				CLANG_CXX_LIBRARY = "libc++";
				CLANG_ENABLE_MODULES = YES;
				CLANG_ENABLE_OBJC_ARC = YES;
				CLANG_WARN_BOOL_CONVERSION = YES;
				CLANG_WARN_CONSTANT_CONVERSION = YES;
				CLANG_WARN_DIRECT_OBJC_ISA_USAGE = YES_ERROR;
				CLANG_WARN_DOCUMENTATION_COMMENTS = YES;
				CLANG_WARN_EMPTY_BODY = YES;
				CLANG_WARN_ENUM_CONVERSION = YES;
				CLANG_WARN_INT_CONVERSION = YES;
				CLANG_WARN_OBJC_ROOT_CLASS = YES_ERROR;
				CLANG_WARN_UNREACHABLE_CODE = YES;
				CLANG_WARN__DUPLICATE_METHOD_MATCH = YES;
				"CODE_SIGN_IDENTITY[sdk=iphoneos*]" = "iPhone Developer";
				COPY_PHASE_STRIP = NO;
				DEBUG_INFORMATION_FORMAT = "dwarf-with-dsym";
				ENABLE_NS_ASSERTIONS = NO;
				ENABLE_STRICT_OBJC_MSGSEND = YES;
				GCC_C_LANGUAGE_STANDARD = gnu99;
				GCC_NO_COMMON_BLOCKS = YES;
				GCC_WARN_64_TO_32_BIT_CONVERSION = YES;
				GCC_WARN_ABOUT_RETURN_TYPE = YES_ERROR;
				GCC_WARN_UNDECLARED_SELECTOR = YES;
				GCC_WARN_UNINITIALIZED_AUTOS = YES_AGGRESSIVE;
				GCC_WARN_UNUSED_FUNCTION = YES;
				GCC_WARN_UNUSED_VARIABLE = YES;
				IPHONEOS_DEPLOYMENT_TARGET = 10.0;
				MTL_ENABLE_DEBUG_INFO = NO;
				SDKROOT = iphoneos;
				SWIFT_OPTIMIZATION_LEVEL = "-Owholemodule";
				TARGETED_DEVICE_FAMILY = "1,2";
				VALIDATE_PRODUCT = YES;
			};
			name = Release;
		};
		F7A2E5291D401CD40022D528 /* Debug */ = {
			isa = XCBuildConfiguration;
			buildSettings = {
				ASSETCATALOG_COMPILER_APPICON_NAME = AppIcon;
				CLANG_ENABLE_MODULES = YES;
				CODE_SIGN_IDENTITY = "iPhone Developer";
				FRAMEWORK_SEARCH_PATHS = (
					"$(inherited)",
					"$(PROJECT_DIR)/Pokédex",
				);
				INFOPLIST_FILE = "Pokédex/Info.plist";
				IPHONEOS_DEPLOYMENT_TARGET = 9.0;
				LD_RUNPATH_SEARCH_PATHS = "$(inherited) @executable_path/Frameworks";
				PRODUCT_BUNDLE_IDENTIFIER = "inc.an23lm.Poke-dex";
				PRODUCT_NAME = "$(TARGET_NAME)";
				SWIFT_OBJC_BRIDGING_HEADER = "Pokédex/Pokédex-Bridging-Header.h";
				SWIFT_OPTIMIZATION_LEVEL = "-Onone";
				SWIFT_VERSION = 2.2.1;
				TARGETED_DEVICE_FAMILY = "1,2";
			};
			name = Debug;
		};
		F7A2E52A1D401CD40022D528 /* Release */ = {
			isa = XCBuildConfiguration;
			buildSettings = {
				ASSETCATALOG_COMPILER_APPICON_NAME = AppIcon;
				CLANG_ENABLE_MODULES = YES;
				CODE_SIGN_IDENTITY = "iPhone Developer";
				FRAMEWORK_SEARCH_PATHS = (
					"$(inherited)",
					"$(PROJECT_DIR)/Pokédex",
				);
				INFOPLIST_FILE = "Pokédex/Info.plist";
				IPHONEOS_DEPLOYMENT_TARGET = 9.0;
				LD_RUNPATH_SEARCH_PATHS = "$(inherited) @executable_path/Frameworks";
				PRODUCT_BUNDLE_IDENTIFIER = "inc.an23lm.Poke-dex";
				PRODUCT_NAME = "$(TARGET_NAME)";
				SWIFT_OBJC_BRIDGING_HEADER = "Pokédex/Pokédex-Bridging-Header.h";
				SWIFT_VERSION = 2.2.1;
				TARGETED_DEVICE_FAMILY = "1,2";
			};
			name = Release;
		};
		F7A2E52C1D401CD40022D528 /* Debug */ = {
			isa = XCBuildConfiguration;
			buildSettings = {
				BUNDLE_LOADER = "$(TEST_HOST)";
				INFOPLIST_FILE = "PokédexTests/Info.plist";
				LD_RUNPATH_SEARCH_PATHS = "$(inherited) @executable_path/Frameworks @loader_path/Frameworks";
				PRODUCT_BUNDLE_IDENTIFIER = "inc.an23lm.Poke-dexTests";
				PRODUCT_NAME = "$(TARGET_NAME)";
				SWIFT_VERSION = 3.0;
				TEST_HOST = "$(BUILT_PRODUCTS_DIR)/Pokédex.app/Pokédex";
			};
			name = Debug;
		};
		F7A2E52D1D401CD40022D528 /* Release */ = {
			isa = XCBuildConfiguration;
			buildSettings = {
				BUNDLE_LOADER = "$(TEST_HOST)";
				INFOPLIST_FILE = "PokédexTests/Info.plist";
				LD_RUNPATH_SEARCH_PATHS = "$(inherited) @executable_path/Frameworks @loader_path/Frameworks";
				PRODUCT_BUNDLE_IDENTIFIER = "inc.an23lm.Poke-dexTests";
				PRODUCT_NAME = "$(TARGET_NAME)";
				SWIFT_VERSION = 3.0;
				TEST_HOST = "$(BUILT_PRODUCTS_DIR)/Pokédex.app/Pokédex";
			};
			name = Release;
		};
		F7A2E52F1D401CD40022D528 /* Debug */ = {
			isa = XCBuildConfiguration;
			buildSettings = {
				INFOPLIST_FILE = "PokédexUITests/Info.plist";
				LD_RUNPATH_SEARCH_PATHS = "$(inherited) @executable_path/Frameworks @loader_path/Frameworks";
				PRODUCT_BUNDLE_IDENTIFIER = "inc.an23lm.Poke-dexUITests";
				PRODUCT_NAME = "$(TARGET_NAME)";
				SWIFT_VERSION = 3.0;
				TEST_TARGET_NAME = "Pokédex";
			};
			name = Debug;
		};
		F7A2E5301D401CD40022D528 /* Release */ = {
			isa = XCBuildConfiguration;
			buildSettings = {
				INFOPLIST_FILE = "PokédexUITests/Info.plist";
				LD_RUNPATH_SEARCH_PATHS = "$(inherited) @executable_path/Frameworks @loader_path/Frameworks";
				PRODUCT_BUNDLE_IDENTIFIER = "inc.an23lm.Poke-dexUITests";
				PRODUCT_NAME = "$(TARGET_NAME)";
				SWIFT_VERSION = 3.0;
				TEST_TARGET_NAME = "Pokédex";
			};
			name = Release;
		};
/* End XCBuildConfiguration section */

/* Begin XCConfigurationList section */
		F7A2E4FB1D401CD40022D528 /* Build configuration list for PBXProject "Pokédex" */ = {
			isa = XCConfigurationList;
			buildConfigurations = (
				F7A2E5261D401CD40022D528 /* Debug */,
				F7A2E5271D401CD40022D528 /* Release */,
			);
			defaultConfigurationIsVisible = 0;
			defaultConfigurationName = Release;
		};
		F7A2E5281D401CD40022D528 /* Build configuration list for PBXNativeTarget "Pokédex" */ = {
			isa = XCConfigurationList;
			buildConfigurations = (
				F7A2E5291D401CD40022D528 /* Debug */,
				F7A2E52A1D401CD40022D528 /* Release */,
			);
			defaultConfigurationIsVisible = 0;
			defaultConfigurationName = Release;
		};
		F7A2E52B1D401CD40022D528 /* Build configuration list for PBXNativeTarget "PokédexTests" */ = {
			isa = XCConfigurationList;
			buildConfigurations = (
				F7A2E52C1D401CD40022D528 /* Debug */,
				F7A2E52D1D401CD40022D528 /* Release */,
			);
			defaultConfigurationIsVisible = 0;
			defaultConfigurationName = Release;
		};
		F7A2E52E1D401CD40022D528 /* Build configuration list for PBXNativeTarget "PokédexUITests" */ = {
			isa = XCConfigurationList;
			buildConfigurations = (
				F7A2E52F1D401CD40022D528 /* Debug */,
				F7A2E5301D401CD40022D528 /* Release */,
			);
			defaultConfigurationIsVisible = 0;
			defaultConfigurationName = Release;
		};
/* End XCConfigurationList section */
	};
	rootObject = F7A2E4F81D401CD40022D528 /* Project object */;
}
